
Microsoft Visual Studio Solution File, Format Version 12.00
# Visual Studio 15
VisualStudioVersion = 15.0.26430.16
MinimumVisualStudioVersion = 10.0.40219.1
Project("{FAE04EC0-301F-11D3-BF4B-00C04F79EFBC}") = "Jedi_Meditation", "Jedi_Meditation\Jedi_Meditation.csproj", "{B70FE9D7-8F53-4317-8ED4-FE7A74544474}"
EndProject
Project("{FAE04EC0-301F-11D3-BF4B-00C04F79EFBC}") = "Reverse_Stack", "Reverse_Stack\Reverse_Stack.csproj", "{75036989-A8E6-4C4F-853A-F6ED0F1BE298}"
EndProject
Project("{FAE04EC0-301F-11D3-BF4B-00C04F79EFBC}") = "Longest_SubSequence", "Longest_SubSequence\Longest_SubSequence.csproj", "{9A8268DF-B2D4-4784-8214-6F24BD5E9BE8}"
EndProject
Project("{FAE04EC0-301F-11D3-BF4B-00C04F79EFBC}") = "Remove_Negatives", "Remove_Negatives\Remove_Negatives.csproj", "{E959C582-2F10-44F7-872C-562A0F27194A}"
EndProject
Project("{FAE04EC0-301F-11D3-BF4B-00C04F79EFBC}") = "Majorant", "Majorant\Majorant.csproj", "{B43621C8-5A7C-40C2-9BB2-BB3DC0997766}"
EndProject
Project("{FAE04EC0-301F-11D3-BF4B-00C04F79EFBC}") = "Algo1", "Algo1\Algo1.csproj", "{6D60188D-C641-4AF0-845D-063B0AD73AE6}"
EndProject
Project("{FAE04EC0-301F-11D3-BF4B-00C04F79EFBC}") = "algo2", "algo2\algo2.csproj", "{23633068-001B-4A48-8580-B311F5451991}"
EndProject
Project("{2150E333-8FDC-42A3-9474-1A3956D46DE8}") = "Recursion", "Recursion", "{6149357D-4CE8-4888-845B-2A738BB66BA3}"
EndProject
Project("{FAE04EC0-301F-11D3-BF4B-00C04F79EFBC}") = "01.Nested_Loops", "01.Nested_Loops\01.Nested_Loops.csproj", "{37DD59BB-A8B8-4BD1-8682-B1E2215C36CB}"
EndProject
Project("{2150E333-8FDC-42A3-9474-1A3956D46DE8}") = "DS", "DS", "{C60FBF73-CB8E-47ED-9400-8F2CE7AF7BA9}"
EndProject
Project("{FAE04EC0-301F-11D3-BF4B-00C04F79EFBC}") = "Combinations_with_Duplicates", "Combinations_with_Duplicates\Combinations_with_Duplicates.csproj", "{5A2C7A41-810F-4855-AB5F-C4A282A9C83F}"
EndProject
Project("{FAE04EC0-301F-11D3-BF4B-00C04F79EFBC}") = "Skip_Duplicates", "Skip_Duplicates\Skip_Duplicates.csproj", "{CD7B52F4-D710-44E2-9F71-71310726AF46}"
EndProject
Project("{FAE04EC0-301F-11D3-BF4B-00C04F79EFBC}") = "Subset_of_Strings", "Subset_of_Strings\Subset_of_Strings.csproj", "{EDAC19B3-F760-45BE-BB84-7DBF263AE38D}"
EndProject
Project("{FAE04EC0-301F-11D3-BF4B-00C04F79EFBC}") = "Merge_Sort", "Merge_Sort\Merge_Sort.csproj", "{73EBCE1D-6FE8-4F05-AC81-7EE555C99784}"
EndProject
Project("{FAE04EC0-301F-11D3-BF4B-00C04F79EFBC}") = "Path_Finder", "Path_Finder\Path_Finder.csproj", "{B2F545E0-4E3B-4111-B2F2-FDDC4D0C5FD7}"
EndProject
Project("{FAE04EC0-301F-11D3-BF4B-00C04F79EFBC}") = "Niki's Game", "Niki's Game\Niki's Game.csproj", "{8BA8FA7E-98AF-400F-BD45-6DD86B1AF5C6}"
EndProject
Project("{2150E333-8FDC-42A3-9474-1A3956D46DE8}") = "ALGORITHMS", "ALGORITHMS", "{0597691E-DC52-4451-A9A6-D135C056FA9F}"
EndProject
Project("{FAE04EC0-301F-11D3-BF4B-00C04F79EFBC}") = "AlgorithmsSorting", "Algorithms\AlgorithmsSorting.csproj", "{00A6FD5C-1433-4809-B061-522511942E86}"
EndProject
Project("{FAE04EC0-301F-11D3-BF4B-00C04F79EFBC}") = "Sorting_Algorithms_Optimized", "Sorting_Algorithms_Optimized\Sorting_Algorithms_Optimized.csproj", "{BC9C00CF-7438-4437-A351-ACC15F7A520C}"
EndProject
Project("{FAE04EC0-301F-11D3-BF4B-00C04F79EFBC}") = "Sorting", "Sorting\Sorting.csproj", "{E299A90A-69E9-4906-9F2B-4191A0FD2CE5}"
EndProject
Global
	GlobalSection(SolutionConfigurationPlatforms) = preSolution
		Debug|Any CPU = Debug|Any CPU
		Release|Any CPU = Release|Any CPU
	EndGlobalSection
	GlobalSection(ProjectConfigurationPlatforms) = postSolution
		{B70FE9D7-8F53-4317-8ED4-FE7A74544474}.Debug|Any CPU.ActiveCfg = Debug|Any CPU
		{B70FE9D7-8F53-4317-8ED4-FE7A74544474}.Debug|Any CPU.Build.0 = Debug|Any CPU
		{B70FE9D7-8F53-4317-8ED4-FE7A74544474}.Release|Any CPU.ActiveCfg = Release|Any CPU
		{B70FE9D7-8F53-4317-8ED4-FE7A74544474}.Release|Any CPU.Build.0 = Release|Any CPU
		{75036989-A8E6-4C4F-853A-F6ED0F1BE298}.Debug|Any CPU.ActiveCfg = Debug|Any CPU
		{75036989-A8E6-4C4F-853A-F6ED0F1BE298}.Debug|Any CPU.Build.0 = Debug|Any CPU
		{75036989-A8E6-4C4F-853A-F6ED0F1BE298}.Release|Any CPU.ActiveCfg = Release|Any CPU
		{75036989-A8E6-4C4F-853A-F6ED0F1BE298}.Release|Any CPU.Build.0 = Release|Any CPU
		{9A8268DF-B2D4-4784-8214-6F24BD5E9BE8}.Debug|Any CPU.ActiveCfg = Debug|Any CPU
		{9A8268DF-B2D4-4784-8214-6F24BD5E9BE8}.Debug|Any CPU.Build.0 = Debug|Any CPU
		{9A8268DF-B2D4-4784-8214-6F24BD5E9BE8}.Release|Any CPU.ActiveCfg = Release|Any CPU
		{9A8268DF-B2D4-4784-8214-6F24BD5E9BE8}.Release|Any CPU.Build.0 = Release|Any CPU
		{E959C582-2F10-44F7-872C-562A0F27194A}.Debug|Any CPU.ActiveCfg = Debug|Any CPU
		{E959C582-2F10-44F7-872C-562A0F27194A}.Debug|Any CPU.Build.0 = Debug|Any CPU
		{E959C582-2F10-44F7-872C-562A0F27194A}.Release|Any CPU.ActiveCfg = Release|Any CPU
		{E959C582-2F10-44F7-872C-562A0F27194A}.Release|Any CPU.Build.0 = Release|Any CPU
		{B43621C8-5A7C-40C2-9BB2-BB3DC0997766}.Debug|Any CPU.ActiveCfg = Debug|Any CPU
		{B43621C8-5A7C-40C2-9BB2-BB3DC0997766}.Debug|Any CPU.Build.0 = Debug|Any CPU
		{B43621C8-5A7C-40C2-9BB2-BB3DC0997766}.Release|Any CPU.ActiveCfg = Release|Any CPU
		{B43621C8-5A7C-40C2-9BB2-BB3DC0997766}.Release|Any CPU.Build.0 = Release|Any CPU
		{6D60188D-C641-4AF0-845D-063B0AD73AE6}.Debug|Any CPU.ActiveCfg = Debug|Any CPU
		{6D60188D-C641-4AF0-845D-063B0AD73AE6}.Debug|Any CPU.Build.0 = Debug|Any CPU
		{6D60188D-C641-4AF0-845D-063B0AD73AE6}.Release|Any CPU.ActiveCfg = Release|Any CPU
		{6D60188D-C641-4AF0-845D-063B0AD73AE6}.Release|Any CPU.Build.0 = Release|Any CPU
		{23633068-001B-4A48-8580-B311F5451991}.Debug|Any CPU.ActiveCfg = Debug|Any CPU
		{23633068-001B-4A48-8580-B311F5451991}.Debug|Any CPU.Build.0 = Debug|Any CPU
		{23633068-001B-4A48-8580-B311F5451991}.Release|Any CPU.ActiveCfg = Release|Any CPU
		{23633068-001B-4A48-8580-B311F5451991}.Release|Any CPU.Build.0 = Release|Any CPU
		{37DD59BB-A8B8-4BD1-8682-B1E2215C36CB}.Debug|Any CPU.ActiveCfg = Debug|Any CPU
		{37DD59BB-A8B8-4BD1-8682-B1E2215C36CB}.Debug|Any CPU.Build.0 = Debug|Any CPU
		{37DD59BB-A8B8-4BD1-8682-B1E2215C36CB}.Release|Any CPU.ActiveCfg = Release|Any CPU
		{37DD59BB-A8B8-4BD1-8682-B1E2215C36CB}.Release|Any CPU.Build.0 = Release|Any CPU
		{5A2C7A41-810F-4855-AB5F-C4A282A9C83F}.Debug|Any CPU.ActiveCfg = Debug|Any CPU
		{5A2C7A41-810F-4855-AB5F-C4A282A9C83F}.Debug|Any CPU.Build.0 = Debug|Any CPU
		{5A2C7A41-810F-4855-AB5F-C4A282A9C83F}.Release|Any CPU.ActiveCfg = Release|Any CPU
		{5A2C7A41-810F-4855-AB5F-C4A282A9C83F}.Release|Any CPU.Build.0 = Release|Any CPU
		{CD7B52F4-D710-44E2-9F71-71310726AF46}.Debug|Any CPU.ActiveCfg = Debug|Any CPU
		{CD7B52F4-D710-44E2-9F71-71310726AF46}.Debug|Any CPU.Build.0 = Debug|Any CPU
		{CD7B52F4-D710-44E2-9F71-71310726AF46}.Release|Any CPU.ActiveCfg = Release|Any CPU
		{CD7B52F4-D710-44E2-9F71-71310726AF46}.Release|Any CPU.Build.0 = Release|Any CPU
		{EDAC19B3-F760-45BE-BB84-7DBF263AE38D}.Debug|Any CPU.ActiveCfg = Debug|Any CPU
		{EDAC19B3-F760-45BE-BB84-7DBF263AE38D}.Debug|Any CPU.Build.0 = Debug|Any CPU
		{EDAC19B3-F760-45BE-BB84-7DBF263AE38D}.Release|Any CPU.ActiveCfg = Release|Any CPU
		{EDAC19B3-F760-45BE-BB84-7DBF263AE38D}.Release|Any CPU.Build.0 = Release|Any CPU
		{73EBCE1D-6FE8-4F05-AC81-7EE555C99784}.Debug|Any CPU.ActiveCfg = Debug|Any CPU
		{73EBCE1D-6FE8-4F05-AC81-7EE555C99784}.Debug|Any CPU.Build.0 = Debug|Any CPU
		{73EBCE1D-6FE8-4F05-AC81-7EE555C99784}.Release|Any CPU.ActiveCfg = Release|Any CPU
		{73EBCE1D-6FE8-4F05-AC81-7EE555C99784}.Release|Any CPU.Build.0 = Release|Any CPU
		{B2F545E0-4E3B-4111-B2F2-FDDC4D0C5FD7}.Debug|Any CPU.ActiveCfg = Debug|Any CPU
		{B2F545E0-4E3B-4111-B2F2-FDDC4D0C5FD7}.Debug|Any CPU.Build.0 = Debug|Any CPU
		{B2F545E0-4E3B-4111-B2F2-FDDC4D0C5FD7}.Release|Any CPU.ActiveCfg = Release|Any CPU
		{B2F545E0-4E3B-4111-B2F2-FDDC4D0C5FD7}.Release|Any CPU.Build.0 = Release|Any CPU
		{8BA8FA7E-98AF-400F-BD45-6DD86B1AF5C6}.Debug|Any CPU.ActiveCfg = Debug|Any CPU
		{8BA8FA7E-98AF-400F-BD45-6DD86B1AF5C6}.Debug|Any CPU.Build.0 = Debug|Any CPU
		{8BA8FA7E-98AF-400F-BD45-6DD86B1AF5C6}.Release|Any CPU.ActiveCfg = Release|Any CPU
		{8BA8FA7E-98AF-400F-BD45-6DD86B1AF5C6}.Release|Any CPU.Build.0 = Release|Any CPU
		{00A6FD5C-1433-4809-B061-522511942E86}.Debug|Any CPU.ActiveCfg = Debug|Any CPU
		{00A6FD5C-1433-4809-B061-522511942E86}.Debug|Any CPU.Build.0 = Debug|Any CPU
		{00A6FD5C-1433-4809-B061-522511942E86}.Release|Any CPU.ActiveCfg = Release|Any CPU
		{00A6FD5C-1433-4809-B061-522511942E86}.Release|Any CPU.Build.0 = Release|Any CPU
		{BC9C00CF-7438-4437-A351-ACC15F7A520C}.Debug|Any CPU.ActiveCfg = Debug|Any CPU
		{BC9C00CF-7438-4437-A351-ACC15F7A520C}.Debug|Any CPU.Build.0 = Debug|Any CPU
		{BC9C00CF-7438-4437-A351-ACC15F7A520C}.Release|Any CPU.ActiveCfg = Release|Any CPU
		{BC9C00CF-7438-4437-A351-ACC15F7A520C}.Release|Any CPU.Build.0 = Release|Any CPU
		{E299A90A-69E9-4906-9F2B-4191A0FD2CE5}.Debug|Any CPU.ActiveCfg = Debug|Any CPU
		{E299A90A-69E9-4906-9F2B-4191A0FD2CE5}.Debug|Any CPU.Build.0 = Debug|Any CPU
		{E299A90A-69E9-4906-9F2B-4191A0FD2CE5}.Release|Any CPU.ActiveCfg = Release|Any CPU
		{E299A90A-69E9-4906-9F2B-4191A0FD2CE5}.Release|Any CPU.Build.0 = Release|Any CPU
	EndGlobalSection
	GlobalSection(SolutionProperties) = preSolution
		HideSolutionNode = FALSE
	EndGlobalSection
	GlobalSection(NestedProjects) = preSolution
		{B70FE9D7-8F53-4317-8ED4-FE7A74544474} = {C60FBF73-CB8E-47ED-9400-8F2CE7AF7BA9}
		{75036989-A8E6-4C4F-853A-F6ED0F1BE298} = {C60FBF73-CB8E-47ED-9400-8F2CE7AF7BA9}
		{9A8268DF-B2D4-4784-8214-6F24BD5E9BE8} = {C60FBF73-CB8E-47ED-9400-8F2CE7AF7BA9}
		{E959C582-2F10-44F7-872C-562A0F27194A} = {C60FBF73-CB8E-47ED-9400-8F2CE7AF7BA9}
		{B43621C8-5A7C-40C2-9BB2-BB3DC0997766} = {C60FBF73-CB8E-47ED-9400-8F2CE7AF7BA9}
		{6D60188D-C641-4AF0-845D-063B0AD73AE6} = {C60FBF73-CB8E-47ED-9400-8F2CE7AF7BA9}
		{23633068-001B-4A48-8580-B311F5451991} = {C60FBF73-CB8E-47ED-9400-8F2CE7AF7BA9}
		{37DD59BB-A8B8-4BD1-8682-B1E2215C36CB} = {6149357D-4CE8-4888-845B-2A738BB66BA3}
		{5A2C7A41-810F-4855-AB5F-C4A282A9C83F} = {6149357D-4CE8-4888-845B-2A738BB66BA3}
		{CD7B52F4-D710-44E2-9F71-71310726AF46} = {6149357D-4CE8-4888-845B-2A738BB66BA3}
		{EDAC19B3-F760-45BE-BB84-7DBF263AE38D} = {6149357D-4CE8-4888-845B-2A738BB66BA3}
		{73EBCE1D-6FE8-4F05-AC81-7EE555C99784} = {6149357D-4CE8-4888-845B-2A738BB66BA3}
		{B2F545E0-4E3B-4111-B2F2-FDDC4D0C5FD7} = {6149357D-4CE8-4888-845B-2A738BB66BA3}
		{8BA8FA7E-98AF-400F-BD45-6DD86B1AF5C6} = {C60FBF73-CB8E-47ED-9400-8F2CE7AF7BA9}
		{00A6FD5C-1433-4809-B061-522511942E86} = {0597691E-DC52-4451-A9A6-D135C056FA9F}
		{BC9C00CF-7438-4437-A351-ACC15F7A520C} = {0597691E-DC52-4451-A9A6-D135C056FA9F}
		{E299A90A-69E9-4906-9F2B-4191A0FD2CE5} = {0597691E-DC52-4451-A9A6-D135C056FA9F}
	EndGlobalSection
EndGlobal
